
Microsoft Visual Studio Solution File, Format Version 12.00
# Visual Studio Version 16
VisualStudioVersion = 16.0.31019.35
MinimumVisualStudioVersion = 10.0.40219.1
Project("{FAE04EC0-301F-11D3-BF4B-00C04F79EFBC}") = "Arysoft.Website", "Arysoft.Website\Arysoft.Website.csproj", "{4A4914F9-292C-4D1D-BBF4-7D820C9ECD3E}"
EndProject
Global
	GlobalSection(SolutionConfigurationPlatforms) = preSolution
		Debug|Any CPU = Debug|Any CPU
		Release|Any CPU = Release|Any CPU
	EndGlobalSection
	GlobalSection(ProjectConfigurationPlatforms) = postSolution
		{4A4914F9-292C-4D1D-BBF4-7D820C9ECD3E}.Debug|Any CPU.ActiveCfg = Debug|Any CPU
		{4A4914F9-292C-4D1D-BBF4-7D820C9ECD3E}.Debug|Any CPU.Build.0 = Debug|Any CPU
		{4A4914F9-292C-4D1D-BBF4-7D820C9ECD3E}.Release|Any CPU.ActiveCfg = Release|Any CPU
		{4A4914F9-292C-4D1D-BBF4-7D820C9ECD3E}.Release|Any CPU.Build.0 = Release|Any CPU
	EndGlobalSection
	GlobalSection(SolutionProperties) = preSolution
		HideSolutionNode = FALSE
	EndGlobalSection
	GlobalSection(ExtensibilityGlobals) = postSolution
		SolutionGuid = {1140FB10-6B30-4171-88B0-CB9EED1CA520}
	EndGlobalSection
EndGlobal
